// !$*UTF8*$!
{
	archiveVersion = 1;
	classes = {
	};
	objectVersion = 46;
	objects = {

/* Begin PBXBuildFile section */
		E0410686172A8D6F009F1B1E /* UIKit.framework in Frameworks */ = {isa = PBXBuildFile; fileRef = E0410685172A8D6F009F1B1E /* UIKit.framework */; };
		E0410688172A8D6F009F1B1E /* Foundation.framework in Frameworks */ = {isa = PBXBuildFile; fileRef = E0410687172A8D6F009F1B1E /* Foundation.framework */; };
		E041068A172A8D6F009F1B1E /* CoreGraphics.framework in Frameworks */ = {isa = PBXBuildFile; fileRef = E0410689172A8D6F009F1B1E /* CoreGraphics.framework */; };
		E041068C172A8D6F009F1B1E /* CoreData.framework in Frameworks */ = {isa = PBXBuildFile; fileRef = E041068B172A8D6F009F1B1E /* CoreData.framework */; };
		E0410692172A8D6F009F1B1E /* InfoPlist.strings in Resources */ = {isa = PBXBuildFile; fileRef = E0410690172A8D6F009F1B1E /* InfoPlist.strings */; };
		E0410694172A8D6F009F1B1E /* main.m in Sources */ = {isa = PBXBuildFile; fileRef = E0410693172A8D6F009F1B1E /* main.m */; };
		E0410698172A8D6F009F1B1E /* AppDelegate.m in Sources */ = {isa = PBXBuildFile; fileRef = E0410697172A8D6F009F1B1E /* AppDelegate.m */; };
		E041069A172A8D6F009F1B1E /* Default.png in Resources */ = {isa = PBXBuildFile; fileRef = E0410699172A8D6F009F1B1E /* Default.png */; };
		E041069C172A8D6F009F1B1E /* Default@2x.png in Resources */ = {isa = PBXBuildFile; fileRef = E041069B172A8D6F009F1B1E /* Default@2x.png */; };
		E041069E172A8D6F009F1B1E /* Default-568h@2x.png in Resources */ = {isa = PBXBuildFile; fileRef = E041069D172A8D6F009F1B1E /* Default-568h@2x.png */; };
		E04106A1172A8D70009F1B1E /* Bartsy.xcdatamodeld in Sources */ = {isa = PBXBuildFile; fileRef = E041069F172A8D6F009F1B1E /* Bartsy.xcdatamodeld */; };
		E04106A9172A8DC0009F1B1E /* LoginViewController.m in Sources */ = {isa = PBXBuildFile; fileRef = E04106A8172A8DC0009F1B1E /* LoginViewController.m */; };
		E04106AC172A8DE9009F1B1E /* BaseViewController.m in Sources */ = {isa = PBXBuildFile; fileRef = E04106AB172A8DE9009F1B1E /* BaseViewController.m */; };
		E04106B8172AA6E8009F1B1E /* FacebookSDK.framework in Frameworks */ = {isa = PBXBuildFile; fileRef = E04106B7172AA6E8009F1B1E /* FacebookSDK.framework */; };
		E04106BA172AB4E1009F1B1E /* AdSupport.framework in Frameworks */ = {isa = PBXBuildFile; fileRef = E04106B9172AB4E1009F1B1E /* AdSupport.framework */; };
		E04106BC172AB4E6009F1B1E /* Accounts.framework in Frameworks */ = {isa = PBXBuildFile; fileRef = E04106BB172AB4E6009F1B1E /* Accounts.framework */; };
		E04106BE172AB4EB009F1B1E /* Security.framework in Frameworks */ = {isa = PBXBuildFile; fileRef = E04106BD172AB4EB009F1B1E /* Security.framework */; };
		E04106C0172AB4F7009F1B1E /* Social.framework in Frameworks */ = {isa = PBXBuildFile; fileRef = E04106BF172AB4F7009F1B1E /* Social.framework */; };
		E06256641732F076005C7027 /* Profile.m in Sources */ = {isa = PBXBuildFile; fileRef = E06256631732F076005C7027 /* Profile.m */; };
		E092F965173049CC00E1CC15 /* SBJsonParser.m in Sources */ = {isa = PBXBuildFile; fileRef = E092F958173049CC00E1CC15 /* SBJsonParser.m */; };
		E092F966173049CC00E1CC15 /* NSObject+SBJSON.m in Sources */ = {isa = PBXBuildFile; fileRef = E092F95B173049CC00E1CC15 /* NSObject+SBJSON.m */; };
		E092F967173049CC00E1CC15 /* NSString+SBJSON.m in Sources */ = {isa = PBXBuildFile; fileRef = E092F95D173049CC00E1CC15 /* NSString+SBJSON.m */; };
		E092F968173049CC00E1CC15 /* SBJSON.m in Sources */ = {isa = PBXBuildFile; fileRef = E092F95F173049CC00E1CC15 /* SBJSON.m */; };
		E092F969173049CC00E1CC15 /* SBJsonBase.m in Sources */ = {isa = PBXBuildFile; fileRef = E092F961173049CC00E1CC15 /* SBJsonBase.m */; };
		E092F96A173049CC00E1CC15 /* SBJsonWriter.m in Sources */ = {isa = PBXBuildFile; fileRef = E092F964173049CC00E1CC15 /* SBJsonWriter.m */; };
		E092F96F173049F200E1CC15 /* Reachability.m in Sources */ = {isa = PBXBuildFile; fileRef = E092F96C173049F200E1CC15 /* Reachability.m */; };
		E092F970173049F200E1CC15 /* NSNetwork.m in Sources */ = {isa = PBXBuildFile; fileRef = E092F96E173049F200E1CC15 /* NSNetwork.m */; };
		E092F97317304B5700E1CC15 /* SystemConfiguration.framework in Frameworks */ = {isa = PBXBuildFile; fileRef = E092F97217304B5700E1CC15 /* SystemConfiguration.framework */; };
		E092F98617304E9F00E1CC15 /* SDImageCache.m in Sources */ = {isa = PBXBuildFile; fileRef = E092F97517304E9E00E1CC15 /* SDImageCache.m */; };
		E092F98717304E9F00E1CC15 /* SDWebImageDecoder.m in Sources */ = {isa = PBXBuildFile; fileRef = E092F97917304E9F00E1CC15 /* SDWebImageDecoder.m */; };
		E092F98817304E9F00E1CC15 /* SDWebImageDownloader.m in Sources */ = {isa = PBXBuildFile; fileRef = E092F97B17304E9F00E1CC15 /* SDWebImageDownloader.m */; };
		E092F98917304E9F00E1CC15 /* SDWebImageManager.m in Sources */ = {isa = PBXBuildFile; fileRef = E092F97E17304E9F00E1CC15 /* SDWebImageManager.m */; };
		E092F98A17304E9F00E1CC15 /* SDWebImagePrefetcher.m in Sources */ = {isa = PBXBuildFile; fileRef = E092F98117304E9F00E1CC15 /* SDWebImagePrefetcher.m */; };
		E092F98B17304E9F00E1CC15 /* UIButton+WebCache.m in Sources */ = {isa = PBXBuildFile; fileRef = E092F98317304E9F00E1CC15 /* UIButton+WebCache.m */; };
		E092F98C17304E9F00E1CC15 /* UIImageView+WebCache.m in Sources */ = {isa = PBXBuildFile; fileRef = E092F98517304E9F00E1CC15 /* UIImageView+WebCache.m */; };
		E092F990173054F200E1CC15 /* HomeViewController.m in Sources */ = {isa = PBXBuildFile; fileRef = E092F98F173054EC00E1CC15 /* HomeViewController.m */; };
		E0FD8674172FD9BA006CB0A8 /* absinthe.png in Resources */ = {isa = PBXBuildFile; fileRef = E0FD862E172FD9BA006CB0A8 /* absinthe.png */; };
		E0FD8675172FD9BA006CB0A8 /* alexandra.png in Resources */ = {isa = PBXBuildFile; fileRef = E0FD862F172FD9BA006CB0A8 /* alexandra.png */; };
		E0FD8676172FD9BA006CB0A8 /* arrow.png in Resources */ = {isa = PBXBuildFile; fileRef = E0FD8630172FD9BA006CB0A8 /* arrow.png */; };
		E0FD8677172FD9BA006CB0A8 /* brickmortar.jpg in Resources */ = {isa = PBXBuildFile; fileRef = E0FD8631172FD9BA006CB0A8 /* brickmortar.jpg */; };
		E0FD8678172FD9BA006CB0A8 /* bridgette.png in Resources */ = {isa = PBXBuildFile; fileRef = E0FD8632172FD9BA006CB0A8 /* bridgette.png */; };
		E0FD8679172FD9BA006CB0A8 /* checkout.jpg in Resources */ = {isa = PBXBuildFile; fileRef = E0FD8633172FD9BA006CB0A8 /* checkout.jpg */; };
		E0FD867A172FD9BA006CB0A8 /* christina.jpg in Resources */ = {isa = PBXBuildFile; fileRef = E0FD8634172FD9BA006CB0A8 /* christina.jpg */; };
		E0FD867B172FD9BA006CB0A8 /* comment.png in Resources */ = {isa = PBXBuildFile; fileRef = E0FD8635172FD9BA006CB0A8 /* comment.png */; };
		E0FD867C172FD9BA006CB0A8 /* custom.png in Resources */ = {isa = PBXBuildFile; fileRef = E0FD8636172FD9BA006CB0A8 /* custom.png */; };
		E0FD867D172FD9BA006CB0A8 /* div_light_grey.png in Resources */ = {isa = PBXBuildFile; fileRef = E0FD8637172FD9BA006CB0A8 /* div_light_grey.png */; };
		E0FD867E172FD9BA006CB0A8 /* drink.jpg in Resources */ = {isa = PBXBuildFile; fileRef = E0FD8638172FD9BA006CB0A8 /* drink.jpg */; };
		E0FD867F172FD9BA006CB0A8 /* drinks.png in Resources */ = {isa = PBXBuildFile; fileRef = E0FD8639172FD9BA006CB0A8 /* drinks.png */; };
		E0FD8680172FD9BA006CB0A8 /* emily.jpg in Resources */ = {isa = PBXBuildFile; fileRef = E0FD863A172FD9BA006CB0A8 /* emily.jpg */; };
		E0FD8681172FD9BA006CB0A8 /* facebook.jpg in Resources */ = {isa = PBXBuildFile; fileRef = E0FD863B172FD9BA006CB0A8 /* facebook.jpg */; };
		E0FD8682172FD9BA006CB0A8 /* filter.png in Resources */ = {isa = PBXBuildFile; fileRef = E0FD863C172FD9BA006CB0A8 /* filter.png */; };
		E0FD8683172FD9BA006CB0A8 /* frame_grey.png in Resources */ = {isa = PBXBuildFile; fileRef = E0FD863D172FD9BA006CB0A8 /* frame_grey.png */; };
		E0FD8684172FD9BA006CB0A8 /* frame.png in Resources */ = {isa = PBXBuildFile; fileRef = E0FD863E172FD9BA006CB0A8 /* frame.png */; };
		E0FD8685172FD9BA006CB0A8 /* friend.jpg in Resources */ = {isa = PBXBuildFile; fileRef = E0FD863F172FD9BA006CB0A8 /* friend.jpg */; };
		E0FD8686172FD9BA006CB0A8 /* happyhour.jpg in Resources */ = {isa = PBXBuildFile; fileRef = E0FD8640172FD9BA006CB0A8 /* happyhour.jpg */; };
		E0FD8687172FD9BA006CB0A8 /* heart.png in Resources */ = {isa = PBXBuildFile; fileRef = E0FD8641172FD9BA006CB0A8 /* heart.png */; };
		E0FD8688172FD9BA006CB0A8 /* hot.png in Resources */ = {isa = PBXBuildFile; fileRef = E0FD8642172FD9BA006CB0A8 /* hot.png */; };
		E0FD8689172FD9BA006CB0A8 /* hotornot.png in Resources */ = {isa = PBXBuildFile; fileRef = E0FD8643172FD9BA006CB0A8 /* hotornot.png */; };
		E0FD868A172FD9BA006CB0A8 /* ic_checked_in.png in Resources */ = {isa = PBXBuildFile; fileRef = E0FD8644172FD9BA006CB0A8 /* ic_checked_in.png */; };
		E0FD868B172FD9BA006CB0A8 /* ic_launcher.png in Resources */ = {isa = PBXBuildFile; fileRef = E0FD8645172FD9BA006CB0A8 /* ic_launcher.png */; };
		E0FD868C172FD9BA006CB0A8 /* ic_tab_host_disabled.png in Resources */ = {isa = PBXBuildFile; fileRef = E0FD8646172FD9BA006CB0A8 /* ic_tab_host_disabled.png */; };
		E0FD868D172FD9BA006CB0A8 /* ic_tab_host_enabled.png in Resources */ = {isa = PBXBuildFile; fileRef = E0FD8647172FD9BA006CB0A8 /* ic_tab_host_enabled.png */; };
		E0FD868E172FD9BA006CB0A8 /* ic_tab_use_disabled.png in Resources */ = {isa = PBXBuildFile; fileRef = E0FD8648172FD9BA006CB0A8 /* ic_tab_use_disabled.png */; };
		E0FD868F172FD9BA006CB0A8 /* ic_tab_use_enabled.png in Resources */ = {isa = PBXBuildFile; fileRef = E0FD8649172FD9BA006CB0A8 /* ic_tab_use_enabled.png */; };
		E0FD8690172FD9BA006CB0A8 /* icon_bartender.png in Resources */ = {isa = PBXBuildFile; fileRef = E0FD864A172FD9BA006CB0A8 /* icon_bartender.png */; };
		E0FD8691172FD9BA006CB0A8 /* icon_drink.png in Resources */ = {isa = PBXBuildFile; fileRef = E0FD864B172FD9BA006CB0A8 /* icon_drink.png */; };
		E0FD8692172FD9BA006CB0A8 /* icon_favorites.png in Resources */ = {isa = PBXBuildFile; fileRef = E0FD864C172FD9BA006CB0A8 /* icon_favorites.png */; };
		E0FD8693172FD9BA006CB0A8 /* icon_settings.png in Resources */ = {isa = PBXBuildFile; fileRef = E0FD864D172FD9BA006CB0A8 /* icon_settings.png */; };
		E0FD8694172FD9BA006CB0A8 /* icon.png in Resources */ = {isa = PBXBuildFile; fileRef = E0FD864E172FD9BA006CB0A8 /* icon.png */; };
		E0FD8695172FD9BA006CB0A8 /* instagram.jpg in Resources */ = {isa = PBXBuildFile; fileRef = E0FD864F172FD9BA006CB0A8 /* instagram.jpg */; };
		E0FD8696172FD9BA006CB0A8 /* like.jpg in Resources */ = {isa = PBXBuildFile; fileRef = E0FD8650172FD9BA006CB0A8 /* like.jpg */; };
		E0FD8697172FD9BA006CB0A8 /* likechecked.png in Resources */ = {isa = PBXBuildFile; fileRef = E0FD8651172FD9BA006CB0A8 /* likechecked.png */; };
		E0FD8698172FD9BA006CB0A8 /* location.jpg in Resources */ = {isa = PBXBuildFile; fileRef = E0FD8652172FD9BA006CB0A8 /* location.jpg */; };
		E0FD8699172FD9BA006CB0A8 /* loyalty_card.png in Resources */ = {isa = PBXBuildFile; fileRef = E0FD8653172FD9BA006CB0A8 /* loyalty_card.png */; };
		E0FD869A172FD9BA006CB0A8 /* mappin.png in Resources */ = {isa = PBXBuildFile; fileRef = E0FD8654172FD9BA006CB0A8 /* mappin.png */; };
		E0FD869B172FD9BA006CB0A8 /* margarita.png in Resources */ = {isa = PBXBuildFile; fileRef = E0FD8655172FD9BA006CB0A8 /* margarita.png */; };
		E0FD869C172FD9BA006CB0A8 /* martini_icon.jpb.jpg in Resources */ = {isa = PBXBuildFile; fileRef = E0FD8656172FD9BA006CB0A8 /* martini_icon.jpb.jpg */; };
		E0FD869D172FD9BA006CB0A8 /* martini.png in Resources */ = {isa = PBXBuildFile; fileRef = E0FD8657172FD9BA006CB0A8 /* martini.png */; };
		E0FD869E172FD9BA006CB0A8 /* message.jpg in Resources */ = {isa = PBXBuildFile; fileRef = E0FD8658172FD9BA006CB0A8 /* message.jpg */; };
		E0FD869F172FD9BA006CB0A8 /* messages.png in Resources */ = {isa = PBXBuildFile; fileRef = E0FD8659172FD9BA006CB0A8 /* messages.png */; };
		E0FD86A0172FD9BA006CB0A8 /* messageschecked.png in Resources */ = {isa = PBXBuildFile; fileRef = E0FD865A172FD9BA006CB0A8 /* messageschecked.png */; };
		E0FD86A1172FD9BA006CB0A8 /* mock_bars_map.png in Resources */ = {isa = PBXBuildFile; fileRef = E0FD865B172FD9BA006CB0A8 /* mock_bars_map.png */; };
		E0FD86A2172FD9BA006CB0A8 /* moscowmule.png in Resources */ = {isa = PBXBuildFile; fileRef = E0FD865C172FD9BA006CB0A8 /* moscowmule.png */; };
		E0FD86A3172FD9BA006CB0A8 /* nearby.jpg in Resources */ = {isa = PBXBuildFile; fileRef = E0FD865D172FD9BA006CB0A8 /* nearby.jpg */; };
		E0FD86A4172FD9BA006CB0A8 /* no_cards.png in Resources */ = {isa = PBXBuildFile; fileRef = E0FD865E172FD9BA006CB0A8 /* no_cards.png */; };
		E0FD86A5172FD9BA006CB0A8 /* not.png in Resources */ = {isa = PBXBuildFile; fileRef = E0FD865F172FD9BA006CB0A8 /* not.png */; };
		E0FD86A6172FD9BA006CB0A8 /* notifications.png in Resources */ = {isa = PBXBuildFile; fileRef = E0FD8660172FD9BA006CB0A8 /* notifications.png */; };
		E0FD86A7172FD9BA006CB0A8 /* paul.png in Resources */ = {isa = PBXBuildFile; fileRef = E0FD8661172FD9BA006CB0A8 /* paul.png */; };
		E0FD86A8172FD9BA006CB0A8 /* peter.jpg in Resources */ = {isa = PBXBuildFile; fileRef = E0FD8662172FD9BA006CB0A8 /* peter.jpg */; };
		E0FD86A9172FD9BA006CB0A8 /* photo.jpg in Resources */ = {isa = PBXBuildFile; fileRef = E0FD8663172FD9BA006CB0A8 /* photo.jpg */; };
		E0FD86AA172FD9BA006CB0A8 /* progress_bar.png in Resources */ = {isa = PBXBuildFile; fileRef = E0FD8664172FD9BA006CB0A8 /* progress_bar.png */; };
		E0FD86AB172FD9BA006CB0A8 /* requests.png in Resources */ = {isa = PBXBuildFile; fileRef = E0FD8665172FD9BA006CB0A8 /* requests.png */; };
		E0FD86AC172FD9BA006CB0A8 /* sambuca.png in Resources */ = {isa = PBXBuildFile; fileRef = E0FD8666172FD9BA006CB0A8 /* sambuca.png */; };
		E0FD86AD172FD9BA006CB0A8 /* sign_in_with_facebook.png in Resources */ = {isa = PBXBuildFile; fileRef = E0FD8667172FD9BA006CB0A8 /* sign_in_with_facebook.png */; };
		E0FD86AE172FD9BA006CB0A8 /* sign_in_with_google.png in Resources */ = {isa = PBXBuildFile; fileRef = E0FD8668172FD9BA006CB0A8 /* sign_in_with_google.png */; };
		E0FD86AF172FD9BA006CB0A8 /* sign_in_with_twitter.png in Resources */ = {isa = PBXBuildFile; fileRef = E0FD8669172FD9BA006CB0A8 /* sign_in_with_twitter.png */; };
		E0FD86B0172FD9BA006CB0A8 /* skip.png in Resources */ = {isa = PBXBuildFile; fileRef = E0FD866A172FD9BA006CB0A8 /* skip.png */; };
		E0FD86B1172FD9BA006CB0A8 /* specials.jpg in Resources */ = {isa = PBXBuildFile; fileRef = E0FD866B172FD9BA006CB0A8 /* specials.jpg */; };
		E0FD86B2172FD9BA006CB0A8 /* spinner.png in Resources */ = {isa = PBXBuildFile; fileRef = E0FD866C172FD9BA006CB0A8 /* spinner.png */; };
		E0FD86B3172FD9BA006CB0A8 /* star.png in Resources */ = {isa = PBXBuildFile; fileRef = E0FD866D172FD9BA006CB0A8 /* star.png */; };
		E0FD86B4172FD9BA006CB0A8 /* tap_beer.png in Resources */ = {isa = PBXBuildFile; fileRef = E0FD866E172FD9BA006CB0A8 /* tap_beer.png */; };
		E0FD86B5172FD9BA006CB0A8 /* tracy.jpg in Resources */ = {isa = PBXBuildFile; fileRef = E0FD866F172FD9BA006CB0A8 /* tracy.jpg */; };
		E0FD86B6172FD9BA006CB0A8 /* twitter.jpg in Resources */ = {isa = PBXBuildFile; fileRef = E0FD8670172FD9BA006CB0A8 /* twitter.jpg */; };
		E0FD86B7172FD9BA006CB0A8 /* vitals.jpg in Resources */ = {isa = PBXBuildFile; fileRef = E0FD8671172FD9BA006CB0A8 /* vitals.jpg */; };
		E0FD86B8172FD9BA006CB0A8 /* whiskey.png in Resources */ = {isa = PBXBuildFile; fileRef = E0FD8672172FD9BA006CB0A8 /* whiskey.png */; };
		E0FD86B9172FD9BA006CB0A8 /* wrench.png in Resources */ = {isa = PBXBuildFile; fileRef = E0FD8673172FD9BA006CB0A8 /* wrench.png */; };
		E0FD86C1172FDA5D006CB0A8 /* ic_action_refresh.png in Resources */ = {isa = PBXBuildFile; fileRef = E0FD86BC172FDA5D006CB0A8 /* ic_action_refresh.png */; };
		E0FD86C2172FDA5D006CB0A8 /* ic_action_search.png in Resources */ = {isa = PBXBuildFile; fileRef = E0FD86BD172FDA5D006CB0A8 /* ic_action_search.png */; };
		E0FD86C3172FDA5D006CB0A8 /* ic_action_share.png in Resources */ = {isa = PBXBuildFile; fileRef = E0FD86BE172FDA5D006CB0A8 /* ic_action_share.png */; };
		E0FD86C4172FDA5D006CB0A8 /* ic_home.png in Resources */ = {isa = PBXBuildFile; fileRef = E0FD86BF172FDA5D006CB0A8 /* ic_home.png */; };
		E0FD86C5172FDA5D006CB0A8 /* ic_menu_share.png in Resources */ = {isa = PBXBuildFile; fileRef = E0FD86C0172FDA5D006CB0A8 /* ic_menu_share.png */; };
		E0FD86C7172FDA69006CB0A8 /* ic_launcher.png in Resources */ = {isa = PBXBuildFile; fileRef = E0FD86C6172FDA69006CB0A8 /* ic_launcher.png */; };
		E0FD86C9172FDA77006CB0A8 /* actionbar_shadow.9.png in Resources */ = {isa = PBXBuildFile; fileRef = E0FD86C8172FDA77006CB0A8 /* actionbar_shadow.9.png */; };
		E0FD86CC172FDC24006CB0A8 /* mapicon.png in Resources */ = {isa = PBXBuildFile; fileRef = E0FD86CB172FDC18006CB0A8 /* mapicon.png */; };
		E0FD86CE172FDEDC006CB0A8 /* QuartzCore.framework in Frameworks */ = {isa = PBXBuildFile; fileRef = E0FD86CD172FDED9006CB0A8 /* QuartzCore.framework */; };
		E0FD86D117300380006CB0A8 /* ProfileViewController.m in Sources */ = {isa = PBXBuildFile; fileRef = E0FD86D01730037B006CB0A8 /* ProfileViewController.m */; };
		E0FD86D417300538006CB0A8 /* SharedController.m in Sources */ = {isa = PBXBuildFile; fileRef = E0FD86D31730052E006CB0A8 /* SharedController.m */; };
/* End PBXBuildFile section */

/* Begin PBXFileReference section */
		E0410682172A8D6F009F1B1E /* Bartsy.app */ = {isa = PBXFileReference; explicitFileType = wrapper.application; includeInIndex = 0; path = Bartsy.app; sourceTree = BUILT_PRODUCTS_DIR; };
		E0410685172A8D6F009F1B1E /* UIKit.framework */ = {isa = PBXFileReference; lastKnownFileType = wrapper.framework; name = UIKit.framework; path = System/Library/Frameworks/UIKit.framework; sourceTree = SDKROOT; };
		E0410687172A8D6F009F1B1E /* Foundation.framework */ = {isa = PBXFileReference; lastKnownFileType = wrapper.framework; name = Foundation.framework; path = System/Library/Frameworks/Foundation.framework; sourceTree = SDKROOT; };
		E0410689172A8D6F009F1B1E /* CoreGraphics.framework */ = {isa = PBXFileReference; lastKnownFileType = wrapper.framework; name = CoreGraphics.framework; path = System/Library/Frameworks/CoreGraphics.framework; sourceTree = SDKROOT; };
		E041068B172A8D6F009F1B1E /* CoreData.framework */ = {isa = PBXFileReference; lastKnownFileType = wrapper.framework; name = CoreData.framework; path = System/Library/Frameworks/CoreData.framework; sourceTree = SDKROOT; };
		E041068F172A8D6F009F1B1E /* Bartsy-Info.plist */ = {isa = PBXFileReference; lastKnownFileType = text.plist.xml; path = "Bartsy-Info.plist"; sourceTree = "<group>"; };
		E0410691172A8D6F009F1B1E /* en */ = {isa = PBXFileReference; lastKnownFileType = text.plist.strings; name = en; path = en.lproj/InfoPlist.strings; sourceTree = "<group>"; };
		E0410693172A8D6F009F1B1E /* main.m */ = {isa = PBXFileReference; lastKnownFileType = sourcecode.c.objc; path = main.m; sourceTree = "<group>"; };
		E0410695172A8D6F009F1B1E /* Bartsy-Prefix.pch */ = {isa = PBXFileReference; lastKnownFileType = sourcecode.c.h; path = "Bartsy-Prefix.pch"; sourceTree = "<group>"; };
		E0410696172A8D6F009F1B1E /* AppDelegate.h */ = {isa = PBXFileReference; lastKnownFileType = sourcecode.c.h; path = AppDelegate.h; sourceTree = "<group>"; };
		E0410697172A8D6F009F1B1E /* AppDelegate.m */ = {isa = PBXFileReference; lastKnownFileType = sourcecode.c.objc; path = AppDelegate.m; sourceTree = "<group>"; };
		E0410699172A8D6F009F1B1E /* Default.png */ = {isa = PBXFileReference; lastKnownFileType = image.png; path = Default.png; sourceTree = "<group>"; };
		E041069B172A8D6F009F1B1E /* Default@2x.png */ = {isa = PBXFileReference; lastKnownFileType = image.png; path = "Default@2x.png"; sourceTree = "<group>"; };
		E041069D172A8D6F009F1B1E /* Default-568h@2x.png */ = {isa = PBXFileReference; lastKnownFileType = image.png; path = "Default-568h@2x.png"; sourceTree = "<group>"; };
		E04106A0172A8D6F009F1B1E /* Bartsy.xcdatamodel */ = {isa = PBXFileReference; lastKnownFileType = wrapper.xcdatamodel; path = Bartsy.xcdatamodel; sourceTree = "<group>"; };
		E04106A7172A8DC0009F1B1E /* LoginViewController.h */ = {isa = PBXFileReference; fileEncoding = 4; lastKnownFileType = sourcecode.c.h; path = LoginViewController.h; sourceTree = "<group>"; };
		E04106A8172A8DC0009F1B1E /* LoginViewController.m */ = {isa = PBXFileReference; fileEncoding = 4; lastKnownFileType = sourcecode.c.objc; path = LoginViewController.m; sourceTree = "<group>"; };
		E04106AA172A8DE9009F1B1E /* BaseViewController.h */ = {isa = PBXFileReference; fileEncoding = 4; lastKnownFileType = sourcecode.c.h; path = BaseViewController.h; sourceTree = "<group>"; };
		E04106AB172A8DE9009F1B1E /* BaseViewController.m */ = {isa = PBXFileReference; fileEncoding = 4; lastKnownFileType = sourcecode.c.objc; path = BaseViewController.m; sourceTree = "<group>"; };
		E04106B7172AA6E8009F1B1E /* FacebookSDK.framework */ = {isa = PBXFileReference; lastKnownFileType = wrapper.framework; path = FacebookSDK.framework; sourceTree = "<group>"; };
		E04106B9172AB4E1009F1B1E /* AdSupport.framework */ = {isa = PBXFileReference; lastKnownFileType = wrapper.framework; name = AdSupport.framework; path = System/Library/Frameworks/AdSupport.framework; sourceTree = SDKROOT; };
		E04106BB172AB4E6009F1B1E /* Accounts.framework */ = {isa = PBXFileReference; lastKnownFileType = wrapper.framework; name = Accounts.framework; path = System/Library/Frameworks/Accounts.framework; sourceTree = SDKROOT; };
		E04106BD172AB4EB009F1B1E /* Security.framework */ = {isa = PBXFileReference; lastKnownFileType = wrapper.framework; name = Security.framework; path = System/Library/Frameworks/Security.framework; sourceTree = SDKROOT; };
		E04106BF172AB4F7009F1B1E /* Social.framework */ = {isa = PBXFileReference; lastKnownFileType = wrapper.framework; name = Social.framework; path = System/Library/Frameworks/Social.framework; sourceTree = SDKROOT; };
		E06256621732F076005C7027 /* Profile.h */ = {isa = PBXFileReference; fileEncoding = 4; lastKnownFileType = sourcecode.c.h; path = Profile.h; sourceTree = "<group>"; };
		E06256631732F076005C7027 /* Profile.m */ = {isa = PBXFileReference; fileEncoding = 4; lastKnownFileType = sourcecode.c.objc; path = Profile.m; sourceTree = "<group>"; };
		E092F958173049CC00E1CC15 /* SBJsonParser.m */ = {isa = PBXFileReference; fileEncoding = 4; lastKnownFileType = sourcecode.c.objc; path = SBJsonParser.m; sourceTree = "<group>"; };
		E092F959173049CC00E1CC15 /* JSON.h */ = {isa = PBXFileReference; fileEncoding = 4; lastKnownFileType = sourcecode.c.h; path = JSON.h; sourceTree = "<group>"; };
		E092F95A173049CC00E1CC15 /* NSObject+SBJSON.h */ = {isa = PBXFileReference; fileEncoding = 4; lastKnownFileType = sourcecode.c.h; path = "NSObject+SBJSON.h"; sourceTree = "<group>"; };
		E092F95B173049CC00E1CC15 /* NSObject+SBJSON.m */ = {isa = PBXFileReference; fileEncoding = 4; lastKnownFileType = sourcecode.c.objc; path = "NSObject+SBJSON.m"; sourceTree = "<group>"; };
		E092F95C173049CC00E1CC15 /* NSString+SBJSON.h */ = {isa = PBXFileReference; fileEncoding = 4; lastKnownFileType = sourcecode.c.h; path = "NSString+SBJSON.h"; sourceTree = "<group>"; };
		E092F95D173049CC00E1CC15 /* NSString+SBJSON.m */ = {isa = PBXFileReference; fileEncoding = 4; lastKnownFileType = sourcecode.c.objc; path = "NSString+SBJSON.m"; sourceTree = "<group>"; };
		E092F95E173049CC00E1CC15 /* SBJSON.h */ = {isa = PBXFileReference; fileEncoding = 4; lastKnownFileType = sourcecode.c.h; path = SBJSON.h; sourceTree = "<group>"; };
		E092F95F173049CC00E1CC15 /* SBJSON.m */ = {isa = PBXFileReference; fileEncoding = 4; lastKnownFileType = sourcecode.c.objc; path = SBJSON.m; sourceTree = "<group>"; };
		E092F960173049CC00E1CC15 /* SBJsonBase.h */ = {isa = PBXFileReference; fileEncoding = 4; lastKnownFileType = sourcecode.c.h; path = SBJsonBase.h; sourceTree = "<group>"; };
		E092F961173049CC00E1CC15 /* SBJsonBase.m */ = {isa = PBXFileReference; fileEncoding = 4; lastKnownFileType = sourcecode.c.objc; path = SBJsonBase.m; sourceTree = "<group>"; };
		E092F962173049CC00E1CC15 /* SBJsonParser.h */ = {isa = PBXFileReference; fileEncoding = 4; lastKnownFileType = sourcecode.c.h; path = SBJsonParser.h; sourceTree = "<group>"; };
		E092F963173049CC00E1CC15 /* SBJsonWriter.h */ = {isa = PBXFileReference; fileEncoding = 4; lastKnownFileType = sourcecode.c.h; path = SBJsonWriter.h; sourceTree = "<group>"; };
		E092F964173049CC00E1CC15 /* SBJsonWriter.m */ = {isa = PBXFileReference; fileEncoding = 4; lastKnownFileType = sourcecode.c.objc; path = SBJsonWriter.m; sourceTree = "<group>"; };
		E092F96B173049F200E1CC15 /* Reachability.h */ = {isa = PBXFileReference; fileEncoding = 4; lastKnownFileType = sourcecode.c.h; path = Reachability.h; sourceTree = "<group>"; };
		E092F96C173049F200E1CC15 /* Reachability.m */ = {isa = PBXFileReference; fileEncoding = 4; lastKnownFileType = sourcecode.c.objc; path = Reachability.m; sourceTree = "<group>"; };
		E092F96D173049F200E1CC15 /* NSNetwork.h */ = {isa = PBXFileReference; fileEncoding = 4; lastKnownFileType = sourcecode.c.h; path = NSNetwork.h; sourceTree = "<group>"; };
		E092F96E173049F200E1CC15 /* NSNetwork.m */ = {isa = PBXFileReference; fileEncoding = 4; lastKnownFileType = sourcecode.c.objc; path = NSNetwork.m; sourceTree = "<group>"; };
		E092F97217304B5700E1CC15 /* SystemConfiguration.framework */ = {isa = PBXFileReference; lastKnownFileType = wrapper.framework; name = SystemConfiguration.framework; path = System/Library/Frameworks/SystemConfiguration.framework; sourceTree = SDKROOT; };
		E092F97417304E9E00E1CC15 /* SDImageCache.h */ = {isa = PBXFileReference; fileEncoding = 4; lastKnownFileType = sourcecode.c.h; path = SDImageCache.h; sourceTree = "<group>"; };
		E092F97517304E9E00E1CC15 /* SDImageCache.m */ = {isa = PBXFileReference; fileEncoding = 4; lastKnownFileType = sourcecode.c.objc; path = SDImageCache.m; sourceTree = "<group>"; };
		E092F97617304E9E00E1CC15 /* SDImageCacheDelegate.h */ = {isa = PBXFileReference; fileEncoding = 4; lastKnownFileType = sourcecode.c.h; path = SDImageCacheDelegate.h; sourceTree = "<group>"; };
		E092F97717304E9E00E1CC15 /* SDWebImageCompat.h */ = {isa = PBXFileReference; fileEncoding = 4; lastKnownFileType = sourcecode.c.h; path = SDWebImageCompat.h; sourceTree = "<group>"; };
		E092F97817304E9F00E1CC15 /* SDWebImageDecoder.h */ = {isa = PBXFileReference; fileEncoding = 4; lastKnownFileType = sourcecode.c.h; path = SDWebImageDecoder.h; sourceTree = "<group>"; };
		E092F97917304E9F00E1CC15 /* SDWebImageDecoder.m */ = {isa = PBXFileReference; fileEncoding = 4; lastKnownFileType = sourcecode.c.objc; path = SDWebImageDecoder.m; sourceTree = "<group>"; };
		E092F97A17304E9F00E1CC15 /* SDWebImageDownloader.h */ = {isa = PBXFileReference; fileEncoding = 4; lastKnownFileType = sourcecode.c.h; path = SDWebImageDownloader.h; sourceTree = "<group>"; };
		E092F97B17304E9F00E1CC15 /* SDWebImageDownloader.m */ = {isa = PBXFileReference; fileEncoding = 4; lastKnownFileType = sourcecode.c.objc; path = SDWebImageDownloader.m; sourceTree = "<group>"; };
		E092F97C17304E9F00E1CC15 /* SDWebImageDownloaderDelegate.h */ = {isa = PBXFileReference; fileEncoding = 4; lastKnownFileType = sourcecode.c.h; path = SDWebImageDownloaderDelegate.h; sourceTree = "<group>"; };
		E092F97D17304E9F00E1CC15 /* SDWebImageManager.h */ = {isa = PBXFileReference; fileEncoding = 4; lastKnownFileType = sourcecode.c.h; path = SDWebImageManager.h; sourceTree = "<group>"; };
		E092F97E17304E9F00E1CC15 /* SDWebImageManager.m */ = {isa = PBXFileReference; fileEncoding = 4; lastKnownFileType = sourcecode.c.objc; path = SDWebImageManager.m; sourceTree = "<group>"; };
		E092F97F17304E9F00E1CC15 /* SDWebImageManagerDelegate.h */ = {isa = PBXFileReference; fileEncoding = 4; lastKnownFileType = sourcecode.c.h; path = SDWebImageManagerDelegate.h; sourceTree = "<group>"; };
		E092F98017304E9F00E1CC15 /* SDWebImagePrefetcher.h */ = {isa = PBXFileReference; fileEncoding = 4; lastKnownFileType = sourcecode.c.h; path = SDWebImagePrefetcher.h; sourceTree = "<group>"; };
		E092F98117304E9F00E1CC15 /* SDWebImagePrefetcher.m */ = {isa = PBXFileReference; fileEncoding = 4; lastKnownFileType = sourcecode.c.objc; path = SDWebImagePrefetcher.m; sourceTree = "<group>"; };
		E092F98217304E9F00E1CC15 /* UIButton+WebCache.h */ = {isa = PBXFileReference; fileEncoding = 4; lastKnownFileType = sourcecode.c.h; path = "UIButton+WebCache.h"; sourceTree = "<group>"; };
		E092F98317304E9F00E1CC15 /* UIButton+WebCache.m */ = {isa = PBXFileReference; fileEncoding = 4; lastKnownFileType = sourcecode.c.objc; path = "UIButton+WebCache.m"; sourceTree = "<group>"; };
		E092F98417304E9F00E1CC15 /* UIImageView+WebCache.h */ = {isa = PBXFileReference; fileEncoding = 4; lastKnownFileType = sourcecode.c.h; path = "UIImageView+WebCache.h"; sourceTree = "<group>"; };
		E092F98517304E9F00E1CC15 /* UIImageView+WebCache.m */ = {isa = PBXFileReference; fileEncoding = 4; lastKnownFileType = sourcecode.c.objc; path = "UIImageView+WebCache.m"; sourceTree = "<group>"; };
		E092F98E173054E800E1CC15 /* HomeViewController.h */ = {isa = PBXFileReference; fileEncoding = 4; lastKnownFileType = sourcecode.c.h; path = HomeViewController.h; sourceTree = "<group>"; };
		E092F98F173054EC00E1CC15 /* HomeViewController.m */ = {isa = PBXFileReference; fileEncoding = 4; lastKnownFileType = sourcecode.c.objc; path = HomeViewController.m; sourceTree = "<group>"; };
		E0FD862E172FD9BA006CB0A8 /* absinthe.png */ = {isa = PBXFileReference; lastKnownFileType = image.png; path = absinthe.png; sourceTree = "<group>"; };
		E0FD862F172FD9BA006CB0A8 /* alexandra.png */ = {isa = PBXFileReference; lastKnownFileType = image.png; path = alexandra.png; sourceTree = "<group>"; };
		E0FD8630172FD9BA006CB0A8 /* arrow.png */ = {isa = PBXFileReference; lastKnownFileType = image.png; path = arrow.png; sourceTree = "<group>"; };
		E0FD8631172FD9BA006CB0A8 /* brickmortar.jpg */ = {isa = PBXFileReference; lastKnownFileType = image.jpeg; path = brickmortar.jpg; sourceTree = "<group>"; };
		E0FD8632172FD9BA006CB0A8 /* bridgette.png */ = {isa = PBXFileReference; lastKnownFileType = image.png; path = bridgette.png; sourceTree = "<group>"; };
		E0FD8633172FD9BA006CB0A8 /* checkout.jpg */ = {isa = PBXFileReference; lastKnownFileType = image.jpeg; path = checkout.jpg; sourceTree = "<group>"; };
		E0FD8634172FD9BA006CB0A8 /* christina.jpg */ = {isa = PBXFileReference; lastKnownFileType = image.jpeg; path = christina.jpg; sourceTree = "<group>"; };
		E0FD8635172FD9BA006CB0A8 /* comment.png */ = {isa = PBXFileReference; lastKnownFileType = image.png; path = comment.png; sourceTree = "<group>"; };
		E0FD8636172FD9BA006CB0A8 /* custom.png */ = {isa = PBXFileReference; lastKnownFileType = image.png; path = custom.png; sourceTree = "<group>"; };
		E0FD8637172FD9BA006CB0A8 /* div_light_grey.png */ = {isa = PBXFileReference; lastKnownFileType = image.png; path = div_light_grey.png; sourceTree = "<group>"; };
		E0FD8638172FD9BA006CB0A8 /* drink.jpg */ = {isa = PBXFileReference; lastKnownFileType = image.jpeg; path = drink.jpg; sourceTree = "<group>"; };
		E0FD8639172FD9BA006CB0A8 /* drinks.png */ = {isa = PBXFileReference; lastKnownFileType = image.png; path = drinks.png; sourceTree = "<group>"; };
		E0FD863A172FD9BA006CB0A8 /* emily.jpg */ = {isa = PBXFileReference; lastKnownFileType = image.jpeg; path = emily.jpg; sourceTree = "<group>"; };
		E0FD863B172FD9BA006CB0A8 /* facebook.jpg */ = {isa = PBXFileReference; lastKnownFileType = image.jpeg; path = facebook.jpg; sourceTree = "<group>"; };
		E0FD863C172FD9BA006CB0A8 /* filter.png */ = {isa = PBXFileReference; lastKnownFileType = image.png; path = filter.png; sourceTree = "<group>"; };
		E0FD863D172FD9BA006CB0A8 /* frame_grey.png */ = {isa = PBXFileReference; lastKnownFileType = image.png; path = frame_grey.png; sourceTree = "<group>"; };
		E0FD863E172FD9BA006CB0A8 /* frame.png */ = {isa = PBXFileReference; lastKnownFileType = image.png; path = frame.png; sourceTree = "<group>"; };
		E0FD863F172FD9BA006CB0A8 /* friend.jpg */ = {isa = PBXFileReference; lastKnownFileType = image.jpeg; path = friend.jpg; sourceTree = "<group>"; };
		E0FD8640172FD9BA006CB0A8 /* happyhour.jpg */ = {isa = PBXFileReference; lastKnownFileType = image.jpeg; path = happyhour.jpg; sourceTree = "<group>"; };
		E0FD8641172FD9BA006CB0A8 /* heart.png */ = {isa = PBXFileReference; lastKnownFileType = image.png; path = heart.png; sourceTree = "<group>"; };
		E0FD8642172FD9BA006CB0A8 /* hot.png */ = {isa = PBXFileReference; lastKnownFileType = image.png; path = hot.png; sourceTree = "<group>"; };
		E0FD8643172FD9BA006CB0A8 /* hotornot.png */ = {isa = PBXFileReference; lastKnownFileType = image.png; path = hotornot.png; sourceTree = "<group>"; };
		E0FD8644172FD9BA006CB0A8 /* ic_checked_in.png */ = {isa = PBXFileReference; lastKnownFileType = image.png; path = ic_checked_in.png; sourceTree = "<group>"; };
		E0FD8645172FD9BA006CB0A8 /* ic_launcher.png */ = {isa = PBXFileReference; lastKnownFileType = image.png; path = ic_launcher.png; sourceTree = "<group>"; };
		E0FD8646172FD9BA006CB0A8 /* ic_tab_host_disabled.png */ = {isa = PBXFileReference; lastKnownFileType = image.png; path = ic_tab_host_disabled.png; sourceTree = "<group>"; };
		E0FD8647172FD9BA006CB0A8 /* ic_tab_host_enabled.png */ = {isa = PBXFileReference; lastKnownFileType = image.png; path = ic_tab_host_enabled.png; sourceTree = "<group>"; };
		E0FD8648172FD9BA006CB0A8 /* ic_tab_use_disabled.png */ = {isa = PBXFileReference; lastKnownFileType = image.png; path = ic_tab_use_disabled.png; sourceTree = "<group>"; };
		E0FD8649172FD9BA006CB0A8 /* ic_tab_use_enabled.png */ = {isa = PBXFileReference; lastKnownFileType = image.png; path = ic_tab_use_enabled.png; sourceTree = "<group>"; };
		E0FD864A172FD9BA006CB0A8 /* icon_bartender.png */ = {isa = PBXFileReference; lastKnownFileType = image.png; path = icon_bartender.png; sourceTree = "<group>"; };
		E0FD864B172FD9BA006CB0A8 /* icon_drink.png */ = {isa = PBXFileReference; lastKnownFileType = image.png; path = icon_drink.png; sourceTree = "<group>"; };
		E0FD864C172FD9BA006CB0A8 /* icon_favorites.png */ = {isa = PBXFileReference; lastKnownFileType = image.png; path = icon_favorites.png; sourceTree = "<group>"; };
		E0FD864D172FD9BA006CB0A8 /* icon_settings.png */ = {isa = PBXFileReference; lastKnownFileType = image.png; path = icon_settings.png; sourceTree = "<group>"; };
		E0FD864E172FD9BA006CB0A8 /* icon.png */ = {isa = PBXFileReference; lastKnownFileType = image.png; path = icon.png; sourceTree = "<group>"; };
		E0FD864F172FD9BA006CB0A8 /* instagram.jpg */ = {isa = PBXFileReference; lastKnownFileType = image.jpeg; path = instagram.jpg; sourceTree = "<group>"; };
		E0FD8650172FD9BA006CB0A8 /* like.jpg */ = {isa = PBXFileReference; lastKnownFileType = image.jpeg; path = like.jpg; sourceTree = "<group>"; };
		E0FD8651172FD9BA006CB0A8 /* likechecked.png */ = {isa = PBXFileReference; lastKnownFileType = image.png; path = likechecked.png; sourceTree = "<group>"; };
		E0FD8652172FD9BA006CB0A8 /* location.jpg */ = {isa = PBXFileReference; lastKnownFileType = image.jpeg; path = location.jpg; sourceTree = "<group>"; };
		E0FD8653172FD9BA006CB0A8 /* loyalty_card.png */ = {isa = PBXFileReference; lastKnownFileType = image.png; path = loyalty_card.png; sourceTree = "<group>"; };
		E0FD8654172FD9BA006CB0A8 /* mappin.png */ = {isa = PBXFileReference; lastKnownFileType = image.png; path = mappin.png; sourceTree = "<group>"; };
		E0FD8655172FD9BA006CB0A8 /* margarita.png */ = {isa = PBXFileReference; lastKnownFileType = image.png; path = margarita.png; sourceTree = "<group>"; };
		E0FD8656172FD9BA006CB0A8 /* martini_icon.jpb.jpg */ = {isa = PBXFileReference; lastKnownFileType = image.jpeg; path = martini_icon.jpb.jpg; sourceTree = "<group>"; };
		E0FD8657172FD9BA006CB0A8 /* martini.png */ = {isa = PBXFileReference; lastKnownFileType = image.png; path = martini.png; sourceTree = "<group>"; };
		E0FD8658172FD9BA006CB0A8 /* message.jpg */ = {isa = PBXFileReference; lastKnownFileType = image.jpeg; path = message.jpg; sourceTree = "<group>"; };
		E0FD8659172FD9BA006CB0A8 /* messages.png */ = {isa = PBXFileReference; lastKnownFileType = image.png; path = messages.png; sourceTree = "<group>"; };
		E0FD865A172FD9BA006CB0A8 /* messageschecked.png */ = {isa = PBXFileReference; lastKnownFileType = image.png; path = messageschecked.png; sourceTree = "<group>"; };
		E0FD865B172FD9BA006CB0A8 /* mock_bars_map.png */ = {isa = PBXFileReference; lastKnownFileType = image.png; path = mock_bars_map.png; sourceTree = "<group>"; };
		E0FD865C172FD9BA006CB0A8 /* moscowmule.png */ = {isa = PBXFileReference; lastKnownFileType = image.png; path = moscowmule.png; sourceTree = "<group>"; };
		E0FD865D172FD9BA006CB0A8 /* nearby.jpg */ = {isa = PBXFileReference; lastKnownFileType = image.jpeg; path = nearby.jpg; sourceTree = "<group>"; };
		E0FD865E172FD9BA006CB0A8 /* no_cards.png */ = {isa = PBXFileReference; lastKnownFileType = image.png; path = no_cards.png; sourceTree = "<group>"; };
		E0FD865F172FD9BA006CB0A8 /* not.png */ = {isa = PBXFileReference; lastKnownFileType = image.png; path = not.png; sourceTree = "<group>"; };
		E0FD8660172FD9BA006CB0A8 /* notifications.png */ = {isa = PBXFileReference; lastKnownFileType = image.png; path = notifications.png; sourceTree = "<group>"; };
		E0FD8661172FD9BA006CB0A8 /* paul.png */ = {isa = PBXFileReference; lastKnownFileType = image.png; path = paul.png; sourceTree = "<group>"; };
		E0FD8662172FD9BA006CB0A8 /* peter.jpg */ = {isa = PBXFileReference; lastKnownFileType = image.jpeg; path = peter.jpg; sourceTree = "<group>"; };
		E0FD8663172FD9BA006CB0A8 /* photo.jpg */ = {isa = PBXFileReference; lastKnownFileType = image.jpeg; path = photo.jpg; sourceTree = "<group>"; };
		E0FD8664172FD9BA006CB0A8 /* progress_bar.png */ = {isa = PBXFileReference; lastKnownFileType = image.png; path = progress_bar.png; sourceTree = "<group>"; };
		E0FD8665172FD9BA006CB0A8 /* requests.png */ = {isa = PBXFileReference; lastKnownFileType = image.png; path = requests.png; sourceTree = "<group>"; };
		E0FD8666172FD9BA006CB0A8 /* sambuca.png */ = {isa = PBXFileReference; lastKnownFileType = image.png; path = sambuca.png; sourceTree = "<group>"; };
		E0FD8667172FD9BA006CB0A8 /* sign_in_with_facebook.png */ = {isa = PBXFileReference; lastKnownFileType = image.png; path = sign_in_with_facebook.png; sourceTree = "<group>"; };
		E0FD8668172FD9BA006CB0A8 /* sign_in_with_google.png */ = {isa = PBXFileReference; lastKnownFileType = image.png; path = sign_in_with_google.png; sourceTree = "<group>"; };
		E0FD8669172FD9BA006CB0A8 /* sign_in_with_twitter.png */ = {isa = PBXFileReference; lastKnownFileType = image.png; path = sign_in_with_twitter.png; sourceTree = "<group>"; };
		E0FD866A172FD9BA006CB0A8 /* skip.png */ = {isa = PBXFileReference; lastKnownFileType = image.png; path = skip.png; sourceTree = "<group>"; };
		E0FD866B172FD9BA006CB0A8 /* specials.jpg */ = {isa = PBXFileReference; lastKnownFileType = image.jpeg; path = specials.jpg; sourceTree = "<group>"; };
		E0FD866C172FD9BA006CB0A8 /* spinner.png */ = {isa = PBXFileReference; lastKnownFileType = image.png; path = spinner.png; sourceTree = "<group>"; };
		E0FD866D172FD9BA006CB0A8 /* star.png */ = {isa = PBXFileReference; lastKnownFileType = image.png; path = star.png; sourceTree = "<group>"; };
		E0FD866E172FD9BA006CB0A8 /* tap_beer.png */ = {isa = PBXFileReference; lastKnownFileType = image.png; path = tap_beer.png; sourceTree = "<group>"; };
		E0FD866F172FD9BA006CB0A8 /* tracy.jpg */ = {isa = PBXFileReference; lastKnownFileType = image.jpeg; path = tracy.jpg; sourceTree = "<group>"; };
		E0FD8670172FD9BA006CB0A8 /* twitter.jpg */ = {isa = PBXFileReference; lastKnownFileType = image.jpeg; path = twitter.jpg; sourceTree = "<group>"; };
		E0FD8671172FD9BA006CB0A8 /* vitals.jpg */ = {isa = PBXFileReference; lastKnownFileType = image.jpeg; path = vitals.jpg; sourceTree = "<group>"; };
		E0FD8672172FD9BA006CB0A8 /* whiskey.png */ = {isa = PBXFileReference; lastKnownFileType = image.png; path = whiskey.png; sourceTree = "<group>"; };
		E0FD8673172FD9BA006CB0A8 /* wrench.png */ = {isa = PBXFileReference; lastKnownFileType = image.png; path = wrench.png; sourceTree = "<group>"; };
		E0FD86BC172FDA5D006CB0A8 /* ic_action_refresh.png */ = {isa = PBXFileReference; lastKnownFileType = image.png; path = ic_action_refresh.png; sourceTree = "<group>"; };
		E0FD86BD172FDA5D006CB0A8 /* ic_action_search.png */ = {isa = PBXFileReference; lastKnownFileType = image.png; path = ic_action_search.png; sourceTree = "<group>"; };
		E0FD86BE172FDA5D006CB0A8 /* ic_action_share.png */ = {isa = PBXFileReference; lastKnownFileType = image.png; path = ic_action_share.png; sourceTree = "<group>"; };
		E0FD86BF172FDA5D006CB0A8 /* ic_home.png */ = {isa = PBXFileReference; lastKnownFileType = image.png; path = ic_home.png; sourceTree = "<group>"; };
		E0FD86C0172FDA5D006CB0A8 /* ic_menu_share.png */ = {isa = PBXFileReference; lastKnownFileType = image.png; path = ic_menu_share.png; sourceTree = "<group>"; };
		E0FD86C6172FDA69006CB0A8 /* ic_launcher.png */ = {isa = PBXFileReference; lastKnownFileType = image.png; path = ic_launcher.png; sourceTree = "<group>"; };
		E0FD86C8172FDA77006CB0A8 /* actionbar_shadow.9.png */ = {isa = PBXFileReference; lastKnownFileType = image.png; path = actionbar_shadow.9.png; sourceTree = "<group>"; };
		E0FD86CB172FDC18006CB0A8 /* mapicon.png */ = {isa = PBXFileReference; lastKnownFileType = image.png; path = mapicon.png; sourceTree = "<group>"; };
		E0FD86CD172FDED9006CB0A8 /* QuartzCore.framework */ = {isa = PBXFileReference; lastKnownFileType = wrapper.framework; name = QuartzCore.framework; path = System/Library/Frameworks/QuartzCore.framework; sourceTree = SDKROOT; };
		E0FD86CF17300376006CB0A8 /* ProfileViewController.h */ = {isa = PBXFileReference; fileEncoding = 4; lastKnownFileType = sourcecode.c.h; path = ProfileViewController.h; sourceTree = "<group>"; };
		E0FD86D01730037B006CB0A8 /* ProfileViewController.m */ = {isa = PBXFileReference; fileEncoding = 4; lastKnownFileType = sourcecode.c.objc; path = ProfileViewController.m; sourceTree = "<group>"; };
		E0FD86D217300528006CB0A8 /* SharedController.h */ = {isa = PBXFileReference; fileEncoding = 4; lastKnownFileType = sourcecode.c.h; path = SharedController.h; sourceTree = "<group>"; };
		E0FD86D31730052E006CB0A8 /* SharedController.m */ = {isa = PBXFileReference; fileEncoding = 4; lastKnownFileType = sourcecode.c.objc; path = SharedController.m; sourceTree = "<group>"; };
/* End PBXFileReference section */

/* Begin PBXFrameworksBuildPhase section */
		E041067F172A8D6F009F1B1E /* Frameworks */ = {
			isa = PBXFrameworksBuildPhase;
			buildActionMask = 2147483647;
			files = (
				E092F97317304B5700E1CC15 /* SystemConfiguration.framework in Frameworks */,
				E0FD86CE172FDEDC006CB0A8 /* QuartzCore.framework in Frameworks */,
				E04106C0172AB4F7009F1B1E /* Social.framework in Frameworks */,
				E04106BE172AB4EB009F1B1E /* Security.framework in Frameworks */,
				E04106BC172AB4E6009F1B1E /* Accounts.framework in Frameworks */,
				E04106BA172AB4E1009F1B1E /* AdSupport.framework in Frameworks */,
				E0410686172A8D6F009F1B1E /* UIKit.framework in Frameworks */,
				E0410688172A8D6F009F1B1E /* Foundation.framework in Frameworks */,
				E041068A172A8D6F009F1B1E /* CoreGraphics.framework in Frameworks */,
				E041068C172A8D6F009F1B1E /* CoreData.framework in Frameworks */,
				E04106B8172AA6E8009F1B1E /* FacebookSDK.framework in Frameworks */,
			);
			runOnlyForDeploymentPostprocessing = 0;
		};
/* End PBXFrameworksBuildPhase section */

/* Begin PBXGroup section */
		E0410679172A8D6E009F1B1E = {
			isa = PBXGroup;
			children = (
				E041068D172A8D6F009F1B1E /* Bartsy */,
				E0410684172A8D6F009F1B1E /* Frameworks */,
				E0410683172A8D6F009F1B1E /* Products */,
			);
			sourceTree = "<group>";
		};
		E0410683172A8D6F009F1B1E /* Products */ = {
			isa = PBXGroup;
			children = (
				E0410682172A8D6F009F1B1E /* Bartsy.app */,
			);
			name = Products;
			sourceTree = "<group>";
		};
		E0410684172A8D6F009F1B1E /* Frameworks */ = {
			isa = PBXGroup;
			children = (
				E092F97217304B5700E1CC15 /* SystemConfiguration.framework */,
				E0FD86CD172FDED9006CB0A8 /* QuartzCore.framework */,
				E04106BF172AB4F7009F1B1E /* Social.framework */,
				E04106BD172AB4EB009F1B1E /* Security.framework */,
				E04106BB172AB4E6009F1B1E /* Accounts.framework */,
				E04106B9172AB4E1009F1B1E /* AdSupport.framework */,
				E04106B7172AA6E8009F1B1E /* FacebookSDK.framework */,
				E0410685172A8D6F009F1B1E /* UIKit.framework */,
				E0410687172A8D6F009F1B1E /* Foundation.framework */,
				E0410689172A8D6F009F1B1E /* CoreGraphics.framework */,
				E041068B172A8D6F009F1B1E /* CoreData.framework */,
			);
			name = Frameworks;
			sourceTree = "<group>";
		};
		E041068D172A8D6F009F1B1E /* Bartsy */ = {
			isa = PBXGroup;
			children = (
				E092F9921730552900E1CC15 /* Database */,
				E092F9931730553B00E1CC15 /* View */,
				E092F9911730550800E1CC15 /* WebServices */,
				E092F98D17304EA500E1CC15 /* Lazy Loading */,
				E092F971173049F700E1CC15 /* Network */,
				E0FD86D517300556006CB0A8 /* JSON */,
				E041068E172A8D6F009F1B1E /* Supporting Files */,
			);
			path = Bartsy;
			sourceTree = "<group>";
		};
		E041068E172A8D6F009F1B1E /* Supporting Files */ = {
			isa = PBXGroup;
			children = (
				E0FD862D172FD948006CB0A8 /* Images */,
				E041068F172A8D6F009F1B1E /* Bartsy-Info.plist */,
				E0410690172A8D6F009F1B1E /* InfoPlist.strings */,
				E0410693172A8D6F009F1B1E /* main.m */,
				E0410695172A8D6F009F1B1E /* Bartsy-Prefix.pch */,
				E0410699172A8D6F009F1B1E /* Default.png */,
				E041069B172A8D6F009F1B1E /* Default@2x.png */,
				E041069D172A8D6F009F1B1E /* Default-568h@2x.png */,
			);
			name = "Supporting Files";
			sourceTree = "<group>";
		};
		E092F971173049F700E1CC15 /* Network */ = {
			isa = PBXGroup;
			children = (
				E092F96B173049F200E1CC15 /* Reachability.h */,
				E092F96C173049F200E1CC15 /* Reachability.m */,
				E092F96D173049F200E1CC15 /* NSNetwork.h */,
				E092F96E173049F200E1CC15 /* NSNetwork.m */,
			);
			name = Network;
			sourceTree = "<group>";
		};
		E092F98D17304EA500E1CC15 /* Lazy Loading */ = {
			isa = PBXGroup;
			children = (
				E092F97417304E9E00E1CC15 /* SDImageCache.h */,
				E092F97517304E9E00E1CC15 /* SDImageCache.m */,
				E092F97617304E9E00E1CC15 /* SDImageCacheDelegate.h */,
				E092F97717304E9E00E1CC15 /* SDWebImageCompat.h */,
				E092F97817304E9F00E1CC15 /* SDWebImageDecoder.h */,
				E092F97917304E9F00E1CC15 /* SDWebImageDecoder.m */,
				E092F97A17304E9F00E1CC15 /* SDWebImageDownloader.h */,
				E092F97B17304E9F00E1CC15 /* SDWebImageDownloader.m */,
				E092F97C17304E9F00E1CC15 /* SDWebImageDownloaderDelegate.h */,
				E092F97D17304E9F00E1CC15 /* SDWebImageManager.h */,
				E092F97E17304E9F00E1CC15 /* SDWebImageManager.m */,
				E092F97F17304E9F00E1CC15 /* SDWebImageManagerDelegate.h */,
				E092F98017304E9F00E1CC15 /* SDWebImagePrefetcher.h */,
				E092F98117304E9F00E1CC15 /* SDWebImagePrefetcher.m */,
				E092F98217304E9F00E1CC15 /* UIButton+WebCache.h */,
				E092F98317304E9F00E1CC15 /* UIButton+WebCache.m */,
				E092F98417304E9F00E1CC15 /* UIImageView+WebCache.h */,
				E092F98517304E9F00E1CC15 /* UIImageView+WebCache.m */,
			);
			name = "Lazy Loading";
			sourceTree = "<group>";
		};
		E092F9911730550800E1CC15 /* WebServices */ = {
			isa = PBXGroup;
			children = (
				E0FD86D217300528006CB0A8 /* SharedController.h */,
				E0FD86D31730052E006CB0A8 /* SharedController.m */,
			);
			name = WebServices;
			sourceTree = "<group>";
		};
		E092F9921730552900E1CC15 /* Database */ = {
			isa = PBXGroup;
			children = (
				E041069F172A8D6F009F1B1E /* Bartsy.xcdatamodeld */,
				E06256621732F076005C7027 /* Profile.h */,
				E06256631732F076005C7027 /* Profile.m */,
			);
			name = Database;
			sourceTree = "<group>";
		};
		E092F9931730553B00E1CC15 /* View */ = {
			isa = PBXGroup;
			children = (
				E0410696172A8D6F009F1B1E /* AppDelegate.h */,
				E0410697172A8D6F009F1B1E /* AppDelegate.m */,
				E04106AA172A8DE9009F1B1E /* BaseViewController.h */,
				E04106AB172A8DE9009F1B1E /* BaseViewController.m */,
				E04106A7172A8DC0009F1B1E /* LoginViewController.h */,
				E04106A8172A8DC0009F1B1E /* LoginViewController.m */,
				E0FD86CF17300376006CB0A8 /* ProfileViewController.h */,
				E0FD86D01730037B006CB0A8 /* ProfileViewController.m */,
				E092F98E173054E800E1CC15 /* HomeViewController.h */,
				E092F98F173054EC00E1CC15 /* HomeViewController.m */,
			);
			name = View;
			sourceTree = "<group>";
		};
		E0FD862D172FD948006CB0A8 /* Images */ = {
			isa = PBXGroup;
			children = (
				E0FD86BB172FD9DC006CB0A8 /* 2 */,
				E0FD86BA172FD9C6006CB0A8 /* 1 */,
			);
			name = Images;
			sourceTree = "<group>";
		};
		E0FD86BA172FD9C6006CB0A8 /* 1 */ = {
			isa = PBXGroup;
			children = (
				E0FD86CB172FDC18006CB0A8 /* mapicon.png */,
				E0FD862E172FD9BA006CB0A8 /* absinthe.png */,
				E0FD862F172FD9BA006CB0A8 /* alexandra.png */,
				E0FD8630172FD9BA006CB0A8 /* arrow.png */,
				E0FD8631172FD9BA006CB0A8 /* brickmortar.jpg */,
				E0FD8632172FD9BA006CB0A8 /* bridgette.png */,
				E0FD8633172FD9BA006CB0A8 /* checkout.jpg */,
				E0FD8634172FD9BA006CB0A8 /* christina.jpg */,
				E0FD8635172FD9BA006CB0A8 /* comment.png */,
				E0FD8636172FD9BA006CB0A8 /* custom.png */,
				E0FD8637172FD9BA006CB0A8 /* div_light_grey.png */,
				E0FD8638172FD9BA006CB0A8 /* drink.jpg */,
				E0FD8639172FD9BA006CB0A8 /* drinks.png */,
				E0FD863A172FD9BA006CB0A8 /* emily.jpg */,
				E0FD863B172FD9BA006CB0A8 /* facebook.jpg */,
				E0FD863C172FD9BA006CB0A8 /* filter.png */,
				E0FD863D172FD9BA006CB0A8 /* frame_grey.png */,
				E0FD863E172FD9BA006CB0A8 /* frame.png */,
				E0FD863F172FD9BA006CB0A8 /* friend.jpg */,
				E0FD8640172FD9BA006CB0A8 /* happyhour.jpg */,
				E0FD8641172FD9BA006CB0A8 /* heart.png */,
				E0FD8642172FD9BA006CB0A8 /* hot.png */,
				E0FD8643172FD9BA006CB0A8 /* hotornot.png */,
				E0FD8644172FD9BA006CB0A8 /* ic_checked_in.png */,
				E0FD8645172FD9BA006CB0A8 /* ic_launcher.png */,
				E0FD8646172FD9BA006CB0A8 /* ic_tab_host_disabled.png */,
				E0FD8647172FD9BA006CB0A8 /* ic_tab_host_enabled.png */,
				E0FD8648172FD9BA006CB0A8 /* ic_tab_use_disabled.png */,
				E0FD8649172FD9BA006CB0A8 /* ic_tab_use_enabled.png */,
				E0FD864A172FD9BA006CB0A8 /* icon_bartender.png */,
				E0FD864B172FD9BA006CB0A8 /* icon_drink.png */,
				E0FD864C172FD9BA006CB0A8 /* icon_favorites.png */,
				E0FD864D172FD9BA006CB0A8 /* icon_settings.png */,
				E0FD864E172FD9BA006CB0A8 /* icon.png */,
				E0FD864F172FD9BA006CB0A8 /* instagram.jpg */,
				E0FD8650172FD9BA006CB0A8 /* like.jpg */,
				E0FD8651172FD9BA006CB0A8 /* likechecked.png */,
				E0FD8652172FD9BA006CB0A8 /* location.jpg */,
				E0FD8653172FD9BA006CB0A8 /* loyalty_card.png */,
				E0FD8654172FD9BA006CB0A8 /* mappin.png */,
				E0FD8655172FD9BA006CB0A8 /* margarita.png */,
				E0FD8656172FD9BA006CB0A8 /* martini_icon.jpb.jpg */,
				E0FD8657172FD9BA006CB0A8 /* martini.png */,
				E0FD8658172FD9BA006CB0A8 /* message.jpg */,
				E0FD8659172FD9BA006CB0A8 /* messages.png */,
				E0FD865A172FD9BA006CB0A8 /* messageschecked.png */,
				E0FD865B172FD9BA006CB0A8 /* mock_bars_map.png */,
				E0FD865C172FD9BA006CB0A8 /* moscowmule.png */,
				E0FD865D172FD9BA006CB0A8 /* nearby.jpg */,
				E0FD865E172FD9BA006CB0A8 /* no_cards.png */,
				E0FD865F172FD9BA006CB0A8 /* not.png */,
				E0FD8660172FD9BA006CB0A8 /* notifications.png */,
				E0FD8661172FD9BA006CB0A8 /* paul.png */,
				E0FD8662172FD9BA006CB0A8 /* peter.jpg */,
				E0FD8663172FD9BA006CB0A8 /* photo.jpg */,
				E0FD8664172FD9BA006CB0A8 /* progress_bar.png */,
				E0FD8665172FD9BA006CB0A8 /* requests.png */,
				E0FD8666172FD9BA006CB0A8 /* sambuca.png */,
				E0FD8667172FD9BA006CB0A8 /* sign_in_with_facebook.png */,
				E0FD8668172FD9BA006CB0A8 /* sign_in_with_google.png */,
				E0FD8669172FD9BA006CB0A8 /* sign_in_with_twitter.png */,
				E0FD866A172FD9BA006CB0A8 /* skip.png */,
				E0FD866B172FD9BA006CB0A8 /* specials.jpg */,
				E0FD866C172FD9BA006CB0A8 /* spinner.png */,
				E0FD866D172FD9BA006CB0A8 /* star.png */,
				E0FD866E172FD9BA006CB0A8 /* tap_beer.png */,
				E0FD866F172FD9BA006CB0A8 /* tracy.jpg */,
				E0FD8670172FD9BA006CB0A8 /* twitter.jpg */,
				E0FD8671172FD9BA006CB0A8 /* vitals.jpg */,
				E0FD8672172FD9BA006CB0A8 /* whiskey.png */,
				E0FD8673172FD9BA006CB0A8 /* wrench.png */,
			);
			name = 1;
			sourceTree = "<group>";
		};
		E0FD86BB172FD9DC006CB0A8 /* 2 */ = {
			isa = PBXGroup;
			children = (
				E0FD86C8172FDA77006CB0A8 /* actionbar_shadow.9.png */,
				E0FD86C6172FDA69006CB0A8 /* ic_launcher.png */,
				E0FD86BC172FDA5D006CB0A8 /* ic_action_refresh.png */,
				E0FD86BD172FDA5D006CB0A8 /* ic_action_search.png */,
				E0FD86BE172FDA5D006CB0A8 /* ic_action_share.png */,
				E0FD86BF172FDA5D006CB0A8 /* ic_home.png */,
				E0FD86C0172FDA5D006CB0A8 /* ic_menu_share.png */,
			);
			name = 2;
			sourceTree = "<group>";
		};
		E0FD86D517300556006CB0A8 /* JSON */ = {
			isa = PBXGroup;
			children = (
				E092F958173049CC00E1CC15 /* SBJsonParser.m */,
				E092F959173049CC00E1CC15 /* JSON.h */,
				E092F95A173049CC00E1CC15 /* NSObject+SBJSON.h */,
				E092F95B173049CC00E1CC15 /* NSObject+SBJSON.m */,
				E092F95C173049CC00E1CC15 /* NSString+SBJSON.h */,
				E092F95D173049CC00E1CC15 /* NSString+SBJSON.m */,
				E092F95E173049CC00E1CC15 /* SBJSON.h */,
				E092F95F173049CC00E1CC15 /* SBJSON.m */,
				E092F960173049CC00E1CC15 /* SBJsonBase.h */,
				E092F961173049CC00E1CC15 /* SBJsonBase.m */,
				E092F962173049CC00E1CC15 /* SBJsonParser.h */,
				E092F963173049CC00E1CC15 /* SBJsonWriter.h */,
				E092F964173049CC00E1CC15 /* SBJsonWriter.m */,
			);
			name = JSON;
			sourceTree = "<group>";
		};
/* End PBXGroup section */

/* Begin PBXNativeTarget section */
		E0410681172A8D6F009F1B1E /* Bartsy */ = {
			isa = PBXNativeTarget;
			buildConfigurationList = E04106A4172A8D70009F1B1E /* Build configuration list for PBXNativeTarget "Bartsy" */;
			buildPhases = (
				E041067E172A8D6F009F1B1E /* Sources */,
				E041067F172A8D6F009F1B1E /* Frameworks */,
				E0410680172A8D6F009F1B1E /* Resources */,
			);
			buildRules = (
			);
			dependencies = (
			);
			name = Bartsy;
			productName = Bartsy;
			productReference = E0410682172A8D6F009F1B1E /* Bartsy.app */;
			productType = "com.apple.product-type.application";
		};
/* End PBXNativeTarget section */

/* Begin PBXProject section */
		E041067A172A8D6E009F1B1E /* Project object */ = {
			isa = PBXProject;
			attributes = {
				LastUpgradeCheck = 0460;
				ORGANIZATIONNAME = "TechVedika Software Pvt Ltd";
			};
			buildConfigurationList = E041067D172A8D6E009F1B1E /* Build configuration list for PBXProject "Bartsy" */;
			compatibilityVersion = "Xcode 3.2";
			developmentRegion = English;
			hasScannedForEncodings = 0;
			knownRegions = (
				en,
			);
			mainGroup = E0410679172A8D6E009F1B1E;
			productRefGroup = E0410683172A8D6F009F1B1E /* Products */;
			projectDirPath = "";
			projectRoot = "";
			targets = (
				E0410681172A8D6F009F1B1E /* Bartsy */,
			);
		};
/* End PBXProject section */

/* Begin PBXResourcesBuildPhase section */
		E0410680172A8D6F009F1B1E /* Resources */ = {
			isa = PBXResourcesBuildPhase;
			buildActionMask = 2147483647;
			files = (
				E0410692172A8D6F009F1B1E /* InfoPlist.strings in Resources */,
				E041069A172A8D6F009F1B1E /* Default.png in Resources */,
				E041069C172A8D6F009F1B1E /* Default@2x.png in Resources */,
				E041069E172A8D6F009F1B1E /* Default-568h@2x.png in Resources */,
				E0FD8674172FD9BA006CB0A8 /* absinthe.png in Resources */,
				E0FD8675172FD9BA006CB0A8 /* alexandra.png in Resources */,
				E0FD8676172FD9BA006CB0A8 /* arrow.png in Resources */,
				E0FD8677172FD9BA006CB0A8 /* brickmortar.jpg in Resources */,
				E0FD8678172FD9BA006CB0A8 /* bridgette.png in Resources */,
				E0FD8679172FD9BA006CB0A8 /* checkout.jpg in Resources */,
				E0FD867A172FD9BA006CB0A8 /* christina.jpg in Resources */,
				E0FD867B172FD9BA006CB0A8 /* comment.png in Resources */,
				E0FD867C172FD9BA006CB0A8 /* custom.png in Resources */,
				E0FD867D172FD9BA006CB0A8 /* div_light_grey.png in Resources */,
				E0FD867E172FD9BA006CB0A8 /* drink.jpg in Resources */,
				E0FD867F172FD9BA006CB0A8 /* drinks.png in Resources */,
				E0FD8680172FD9BA006CB0A8 /* emily.jpg in Resources */,
				E0FD8681172FD9BA006CB0A8 /* facebook.jpg in Resources */,
				E0FD8682172FD9BA006CB0A8 /* filter.png in Resources */,
				E0FD8683172FD9BA006CB0A8 /* frame_grey.png in Resources */,
				E0FD8684172FD9BA006CB0A8 /* frame.png in Resources */,
				E0FD8685172FD9BA006CB0A8 /* friend.jpg in Resources */,
				E0FD8686172FD9BA006CB0A8 /* happyhour.jpg in Resources */,
				E0FD8687172FD9BA006CB0A8 /* heart.png in Resources */,
				E0FD8688172FD9BA006CB0A8 /* hot.png in Resources */,
				E0FD8689172FD9BA006CB0A8 /* hotornot.png in Resources */,
				E0FD868A172FD9BA006CB0A8 /* ic_checked_in.png in Resources */,
				E0FD868B172FD9BA006CB0A8 /* ic_launcher.png in Resources */,
				E0FD868C172FD9BA006CB0A8 /* ic_tab_host_disabled.png in Resources */,
				E0FD868D172FD9BA006CB0A8 /* ic_tab_host_enabled.png in Resources */,
				E0FD868E172FD9BA006CB0A8 /* ic_tab_use_disabled.png in Resources */,
				E0FD868F172FD9BA006CB0A8 /* ic_tab_use_enabled.png in Resources */,
				E0FD8690172FD9BA006CB0A8 /* icon_bartender.png in Resources */,
				E0FD8691172FD9BA006CB0A8 /* icon_drink.png in Resources */,
				E0FD8692172FD9BA006CB0A8 /* icon_favorites.png in Resources */,
				E0FD8693172FD9BA006CB0A8 /* icon_settings.png in Resources */,
				E0FD8694172FD9BA006CB0A8 /* icon.png in Resources */,
				E0FD8695172FD9BA006CB0A8 /* instagram.jpg in Resources */,
				E0FD8696172FD9BA006CB0A8 /* like.jpg in Resources */,
				E0FD8697172FD9BA006CB0A8 /* likechecked.png in Resources */,
				E0FD8698172FD9BA006CB0A8 /* location.jpg in Resources */,
				E0FD8699172FD9BA006CB0A8 /* loyalty_card.png in Resources */,
				E0FD869A172FD9BA006CB0A8 /* mappin.png in Resources */,
				E0FD869B172FD9BA006CB0A8 /* margarita.png in Resources */,
				E0FD869C172FD9BA006CB0A8 /* martini_icon.jpb.jpg in Resources */,
				E0FD869D172FD9BA006CB0A8 /* martini.png in Resources */,
				E0FD869E172FD9BA006CB0A8 /* message.jpg in Resources */,
				E0FD869F172FD9BA006CB0A8 /* messages.png in Resources */,
				E0FD86A0172FD9BA006CB0A8 /* messageschecked.png in Resources */,
				E0FD86A1172FD9BA006CB0A8 /* mock_bars_map.png in Resources */,
				E0FD86A2172FD9BA006CB0A8 /* moscowmule.png in Resources */,
				E0FD86A3172FD9BA006CB0A8 /* nearby.jpg in Resources */,
				E0FD86A4172FD9BA006CB0A8 /* no_cards.png in Resources */,
				E0FD86A5172FD9BA006CB0A8 /* not.png in Resources */,
				E0FD86A6172FD9BA006CB0A8 /* notifications.png in Resources */,
				E0FD86A7172FD9BA006CB0A8 /* paul.png in Resources */,
				E0FD86A8172FD9BA006CB0A8 /* peter.jpg in Resources */,
				E0FD86A9172FD9BA006CB0A8 /* photo.jpg in Resources */,
				E0FD86AA172FD9BA006CB0A8 /* progress_bar.png in Resources */,
				E0FD86AB172FD9BA006CB0A8 /* requests.png in Resources */,
				E0FD86AC172FD9BA006CB0A8 /* sambuca.png in Resources */,
				E0FD86AD172FD9BA006CB0A8 /* sign_in_with_facebook.png in Resources */,
				E0FD86AE172FD9BA006CB0A8 /* sign_in_with_google.png in Resources */,
				E0FD86AF172FD9BA006CB0A8 /* sign_in_with_twitter.png in Resources */,
				E0FD86B0172FD9BA006CB0A8 /* skip.png in Resources */,
				E0FD86B1172FD9BA006CB0A8 /* specials.jpg in Resources */,
				E0FD86B2172FD9BA006CB0A8 /* spinner.png in Resources */,
				E0FD86B3172FD9BA006CB0A8 /* star.png in Resources */,
				E0FD86B4172FD9BA006CB0A8 /* tap_beer.png in Resources */,
				E0FD86B5172FD9BA006CB0A8 /* tracy.jpg in Resources */,
				E0FD86B6172FD9BA006CB0A8 /* twitter.jpg in Resources */,
				E0FD86B7172FD9BA006CB0A8 /* vitals.jpg in Resources */,
				E0FD86B8172FD9BA006CB0A8 /* whiskey.png in Resources */,
				E0FD86B9172FD9BA006CB0A8 /* wrench.png in Resources */,
				E0FD86C1172FDA5D006CB0A8 /* ic_action_refresh.png in Resources */,
				E0FD86C2172FDA5D006CB0A8 /* ic_action_search.png in Resources */,
				E0FD86C3172FDA5D006CB0A8 /* ic_action_share.png in Resources */,
				E0FD86C4172FDA5D006CB0A8 /* ic_home.png in Resources */,
				E0FD86C5172FDA5D006CB0A8 /* ic_menu_share.png in Resources */,
				E0FD86C7172FDA69006CB0A8 /* ic_launcher.png in Resources */,
				E0FD86C9172FDA77006CB0A8 /* actionbar_shadow.9.png in Resources */,
				E0FD86CC172FDC24006CB0A8 /* mapicon.png in Resources */,
			);
			runOnlyForDeploymentPostprocessing = 0;
		};
/* End PBXResourcesBuildPhase section */

/* Begin PBXSourcesBuildPhase section */
		E041067E172A8D6F009F1B1E /* Sources */ = {
			isa = PBXSourcesBuildPhase;
			buildActionMask = 2147483647;
			files = (
				E0410694172A8D6F009F1B1E /* main.m in Sources */,
				E0410698172A8D6F009F1B1E /* AppDelegate.m in Sources */,
				E04106A1172A8D70009F1B1E /* Bartsy.xcdatamodeld in Sources */,
				E04106A9172A8DC0009F1B1E /* LoginViewController.m in Sources */,
				E04106AC172A8DE9009F1B1E /* BaseViewController.m in Sources */,
				E0FD86D117300380006CB0A8 /* ProfileViewController.m in Sources */,
				E0FD86D417300538006CB0A8 /* SharedController.m in Sources */,
				E092F965173049CC00E1CC15 /* SBJsonParser.m in Sources */,
				E092F966173049CC00E1CC15 /* NSObject+SBJSON.m in Sources */,
				E092F967173049CC00E1CC15 /* NSString+SBJSON.m in Sources */,
				E092F968173049CC00E1CC15 /* SBJSON.m in Sources */,
				E092F969173049CC00E1CC15 /* SBJsonBase.m in Sources */,
				E092F96A173049CC00E1CC15 /* SBJsonWriter.m in Sources */,
				E092F96F173049F200E1CC15 /* Reachability.m in Sources */,
				E092F970173049F200E1CC15 /* NSNetwork.m in Sources */,
				E092F98617304E9F00E1CC15 /* SDImageCache.m in Sources */,
				E092F98717304E9F00E1CC15 /* SDWebImageDecoder.m in Sources */,
				E092F98817304E9F00E1CC15 /* SDWebImageDownloader.m in Sources */,
				E092F98917304E9F00E1CC15 /* SDWebImageManager.m in Sources */,
				E092F98A17304E9F00E1CC15 /* SDWebImagePrefetcher.m in Sources */,
				E092F98B17304E9F00E1CC15 /* UIButton+WebCache.m in Sources */,
				E092F98C17304E9F00E1CC15 /* UIImageView+WebCache.m in Sources */,
				E092F990173054F200E1CC15 /* HomeViewController.m in Sources */,
				E06256641732F076005C7027 /* Profile.m in Sources */,
			);
			runOnlyForDeploymentPostprocessing = 0;
		};
/* End PBXSourcesBuildPhase section */

/* Begin PBXVariantGroup section */
		E0410690172A8D6F009F1B1E /* InfoPlist.strings */ = {
			isa = PBXVariantGroup;
			children = (
				E0410691172A8D6F009F1B1E /* en */,
			);
			name = InfoPlist.strings;
			sourceTree = "<group>";
		};
/* End PBXVariantGroup section */

/* Begin XCBuildConfiguration section */
		E04106A2172A8D70009F1B1E /* Debug */ = {
			isa = XCBuildConfiguration;
			buildSettings = {
				ALWAYS_SEARCH_USER_PATHS = NO;
				CLANG_CXX_LANGUAGE_STANDARD = "gnu++0x";
				CLANG_CXX_LIBRARY = "libc++";
				CLANG_WARN_CONSTANT_CONVERSION = YES;
				CLANG_WARN_EMPTY_BODY = YES;
				CLANG_WARN_ENUM_CONVERSION = YES;
				CLANG_WARN_INT_CONVERSION = YES;
				CLANG_WARN__DUPLICATE_METHOD_MATCH = YES;
				"CODE_SIGN_IDENTITY[sdk=iphoneos*]" = "iPhone Developer";
				COPY_PHASE_STRIP = NO;
				GCC_C_LANGUAGE_STANDARD = gnu99;
				GCC_DYNAMIC_NO_PIC = NO;
				GCC_OPTIMIZATION_LEVEL = 0;
				GCC_PREPROCESSOR_DEFINITIONS = (
					"DEBUG=1",
					"$(inherited)",
				);
				GCC_SYMBOLS_PRIVATE_EXTERN = NO;
				GCC_WARN_ABOUT_RETURN_TYPE = YES;
				GCC_WARN_UNINITIALIZED_AUTOS = YES;
				GCC_WARN_UNUSED_VARIABLE = YES;
				IPHONEOS_DEPLOYMENT_TARGET = 6.1;
				ONLY_ACTIVE_ARCH = YES;
				SDKROOT = iphoneos;
			};
			name = Debug;
		};
		E04106A3172A8D70009F1B1E /* Release */ = {
			isa = XCBuildConfiguration;
			buildSettings = {
				ALWAYS_SEARCH_USER_PATHS = NO;
				CLANG_CXX_LANGUAGE_STANDARD = "gnu++0x";
				CLANG_CXX_LIBRARY = "libc++";
				CLANG_WARN_CONSTANT_CONVERSION = YES;
				CLANG_WARN_EMPTY_BODY = YES;
				CLANG_WARN_ENUM_CONVERSION = YES;
				CLANG_WARN_INT_CONVERSION = YES;
				CLANG_WARN__DUPLICATE_METHOD_MATCH = YES;
				"CODE_SIGN_IDENTITY[sdk=iphoneos*]" = "iPhone Developer";
				COPY_PHASE_STRIP = YES;
				GCC_C_LANGUAGE_STANDARD = gnu99;
				GCC_WARN_ABOUT_RETURN_TYPE = YES;
				GCC_WARN_UNINITIALIZED_AUTOS = YES;
				GCC_WARN_UNUSED_VARIABLE = YES;
				IPHONEOS_DEPLOYMENT_TARGET = 6.1;
				OTHER_CFLAGS = "-DNS_BLOCK_ASSERTIONS=1";
				SDKROOT = iphoneos;
				VALIDATE_PRODUCT = YES;
			};
			name = Release;
		};
		E04106A5172A8D70009F1B1E /* Debug */ = {
			isa = XCBuildConfiguration;
			buildSettings = {
				FRAMEWORK_SEARCH_PATHS = (
					"$(inherited)",
					"\"$(SRCROOT)\"",
					/Users/saisridhar/Desktop/SudheerWork/Projects/Bartsy/Apr26/Bartsy/FacebookSDK.framework,
				);
				GCC_PRECOMPILE_PREFIX_HEADER = YES;
				GCC_PREFIX_HEADER = "Bartsy/Bartsy-Prefix.pch";
				INFOPLIST_FILE = "Bartsy/Bartsy-Info.plist";
				ONLY_ACTIVE_ARCH = YES;
				OTHER_LDFLAGS = (
					"-lsqlite3.0",
					"-ObjC",
				);
				PRODUCT_NAME = "$(TARGET_NAME)";
				WRAPPER_EXTENSION = app;
			};
			name = Debug;
		};
		E04106A6172A8D70009F1B1E /* Release */ = {
			isa = XCBuildConfiguration;
			buildSettings = {
				FRAMEWORK_SEARCH_PATHS = (
					"$(inherited)",
					"\"$(SRCROOT)\"",
					/Users/saisridhar/Desktop/SudheerWork/Projects/Bartsy/Apr26/Bartsy/FacebookSDK.framework,
				);
				GCC_PRECOMPILE_PREFIX_HEADER = YES;
				GCC_PREFIX_HEADER = "Bartsy/Bartsy-Prefix.pch";
				INFOPLIST_FILE = "Bartsy/Bartsy-Info.plist";
				ONLY_ACTIVE_ARCH = YES;
				OTHER_LDFLAGS = (
					"-lsqlite3.0",
					"-ObjC",
				);
				PRODUCT_NAME = "$(TARGET_NAME)";
				WRAPPER_EXTENSION = app;
			};
			name = Release;
		};
/* End XCBuildConfiguration section */

/* Begin XCConfigurationList section */
		E041067D172A8D6E009F1B1E /* Build configuration list for PBXProject "Bartsy" */ = {
			isa = XCConfigurationList;
			buildConfigurations = (
				E04106A2172A8D70009F1B1E /* Debug */,
				E04106A3172A8D70009F1B1E /* Release */,
			);
			defaultConfigurationIsVisible = 0;
			defaultConfigurationName = Release;
		};
		E04106A4172A8D70009F1B1E /* Build configuration list for PBXNativeTarget "Bartsy" */ = {
			isa = XCConfigurationList;
			buildConfigurations = (
				E04106A5172A8D70009F1B1E /* Debug */,
				E04106A6172A8D70009F1B1E /* Release */,
			);
			defaultConfigurationIsVisible = 0;
			defaultConfigurationName = Release;
		};
/* End XCConfigurationList section */

/* Begin XCVersionGroup section */
		E041069F172A8D6F009F1B1E /* Bartsy.xcdatamodeld */ = {
			isa = XCVersionGroup;
			children = (
				E04106A0172A8D6F009F1B1E /* Bartsy.xcdatamodel */,
			);
			currentVersion = E04106A0172A8D6F009F1B1E /* Bartsy.xcdatamodel */;
			path = Bartsy.xcdatamodeld;
			sourceTree = "<group>";
			versionGroupType = wrapper.xcdatamodel;
		};
/* End XCVersionGroup section */
	};
	rootObject = E041067A172A8D6E009F1B1E /* Project object */;
}
